
Microsoft Visual Studio Solution File, Format Version 12.00
# Visual Studio Version 17
VisualStudioVersion = 17.6.33723.286
MinimumVisualStudioVersion = 10.0.40219.1
Project("{888888A0-9F3D-457C-B088-3A5042F75D52}") = "MinGPTAP", "MinGPTAP.pyproj", "{8B5F40DF-9DE2-447B-AA19-C28E48BEF1BD}"
EndProject
Global
	GlobalSection(SolutionConfigurationPlatforms) = preSolution
		Debug|Any CPU = Debug|Any CPU
		Release|Any CPU = Release|Any CPU
	EndGlobalSection
	GlobalSection(ProjectConfigurationPlatforms) = postSolution
		{8B5F40DF-9DE2-447B-AA19-C28E48BEF1BD}.Debug|Any CPU.ActiveCfg = Debug|Any CPU
		{8B5F40DF-9DE2-447B-AA19-C28E48BEF1BD}.Release|Any CPU.ActiveCfg = Release|Any CPU
	EndGlobalSection
	GlobalSection(SolutionProperties) = preSolution
		HideSolutionNode = FALSE
	EndGlobalSection
	GlobalSection(ExtensibilityGlobals) = postSolution
		SolutionGuid = {64E26A58-3D9A-4C1D-9D1B-7C1E69C099D1}
	EndGlobalSection
EndGlobal
